// !$*UTF8*$!
{
	archiveVersion = 1;
	classes = {
	};
	objectVersion = 56;
	objects = {

/* Begin PBXBuildFile section */
		639FC34F2D74D5FD00E6DB8C /* CupcakeCornerApp.swift in Sources */ = {isa = PBXBuildFile; fileRef = 639FC34E2D74D5FD00E6DB8C /* CupcakeCornerApp.swift */; };
		639FC3512D74D5FD00E6DB8C /* ContentView.swift in Sources */ = {isa = PBXBuildFile; fileRef = 639FC3502D74D5FD00E6DB8C /* ContentView.swift */; };
		639FC3532D74D5FF00E6DB8C /* Assets.xcassets in Resources */ = {isa = PBXBuildFile; fileRef = 639FC3522D74D5FF00E6DB8C /* Assets.xcassets */; };
		639FC3562D74D5FF00E6DB8C /* Preview Assets.xcassets in Resources */ = {isa = PBXBuildFile; fileRef = 639FC3552D74D5FF00E6DB8C /* Preview Assets.xcassets */; };
		639FC35D2D74F71000E6DB8C /* AsyncImageView.swift in Sources */ = {isa = PBXBuildFile; fileRef = 639FC35C2D74F71000E6DB8C /* AsyncImageView.swift */; };
		639FC3602D74F9F000E6DB8C /* URLSessionView.swift in Sources */ = {isa = PBXBuildFile; fileRef = 639FC35F2D74F9F000E6DB8C /* URLSessionView.swift */; };
		639FC3622D74FB0A00E6DB8C /* FormsView.swift in Sources */ = {isa = PBXBuildFile; fileRef = 639FC3612D74FB0A00E6DB8C /* FormsView.swift */; };
		639FC3642D74FF9B00E6DB8C /* CodableObservable.swift in Sources */ = {isa = PBXBuildFile; fileRef = 639FC3632D74FF9B00E6DB8C /* CodableObservable.swift */; };
		639FC3682D7624C200E6DB8C /* Order.swift in Sources */ = {isa = PBXBuildFile; fileRef = 639FC3672D7624C200E6DB8C /* Order.swift */; };
		639FC36A2D762BA500E6DB8C /* AddressView.swift in Sources */ = {isa = PBXBuildFile; fileRef = 639FC3692D762BA500E6DB8C /* AddressView.swift */; };
		639FC36C2D762DFF00E6DB8C /* CheckoutView.swift in Sources */ = {isa = PBXBuildFile; fileRef = 639FC36B2D762DFF00E6DB8C /* CheckoutView.swift */; };
/* End PBXBuildFile section */

/* Begin PBXFileReference section */
		639FC34B2D74D5FD00E6DB8C /* CupcakeCorner.app */ = {isa = PBXFileReference; explicitFileType = wrapper.application; includeInIndex = 0; path = CupcakeCorner.app; sourceTree = BUILT_PRODUCTS_DIR; };
		639FC34E2D74D5FD00E6DB8C /* CupcakeCornerApp.swift */ = {isa = PBXFileReference; lastKnownFileType = sourcecode.swift; path = CupcakeCornerApp.swift; sourceTree = "<group>"; };
		639FC3502D74D5FD00E6DB8C /* ContentView.swift */ = {isa = PBXFileReference; lastKnownFileType = sourcecode.swift; path = ContentView.swift; sourceTree = "<group>"; };
		639FC3522D74D5FF00E6DB8C /* Assets.xcassets */ = {isa = PBXFileReference; lastKnownFileType = folder.assetcatalog; path = Assets.xcassets; sourceTree = "<group>"; };
		639FC3552D74D5FF00E6DB8C /* Preview Assets.xcassets */ = {isa = PBXFileReference; lastKnownFileType = folder.assetcatalog; path = "Preview Assets.xcassets"; sourceTree = "<group>"; };
		639FC35C2D74F71000E6DB8C /* AsyncImageView.swift */ = {isa = PBXFileReference; lastKnownFileType = sourcecode.swift; path = AsyncImageView.swift; sourceTree = "<group>"; };
		639FC35F2D74F9F000E6DB8C /* URLSessionView.swift */ = {isa = PBXFileReference; lastKnownFileType = sourcecode.swift; path = URLSessionView.swift; sourceTree = "<group>"; };
		639FC3612D74FB0A00E6DB8C /* FormsView.swift */ = {isa = PBXFileReference; lastKnownFileType = sourcecode.swift; path = FormsView.swift; sourceTree = "<group>"; };
		639FC3632D74FF9B00E6DB8C /* CodableObservable.swift */ = {isa = PBXFileReference; lastKnownFileType = sourcecode.swift; path = CodableObservable.swift; sourceTree = "<group>"; };
		639FC3672D7624C200E6DB8C /* Order.swift */ = {isa = PBXFileReference; lastKnownFileType = sourcecode.swift; path = Order.swift; sourceTree = "<group>"; };
		639FC3692D762BA500E6DB8C /* AddressView.swift */ = {isa = PBXFileReference; lastKnownFileType = sourcecode.swift; path = AddressView.swift; sourceTree = "<group>"; };
		639FC36B2D762DFF00E6DB8C /* CheckoutView.swift */ = {isa = PBXFileReference; lastKnownFileType = sourcecode.swift; path = CheckoutView.swift; sourceTree = "<group>"; };
/* End PBXFileReference section */

/* Begin PBXFrameworksBuildPhase section */
		639FC3482D74D5FD00E6DB8C /* Frameworks */ = {
			isa = PBXFrameworksBuildPhase;
			buildActionMask = 2147483647;
			files = (
			);
			runOnlyForDeploymentPostprocessing = 0;
		};
/* End PBXFrameworksBuildPhase section */

/* Begin PBXGroup section */
		639FC3422D74D5FD00E6DB8C = {
			isa = PBXGroup;
			children = (
				639FC34D2D74D5FD00E6DB8C /* CupcakeCorner */,
				639FC34C2D74D5FD00E6DB8C /* Products */,
			);
			sourceTree = "<group>";
		};
		639FC34C2D74D5FD00E6DB8C /* Products */ = {
			isa = PBXGroup;
			children = (
				639FC34B2D74D5FD00E6DB8C /* CupcakeCorner.app */,
			);
			name = Products;
			sourceTree = "<group>";
		};
		639FC34D2D74D5FD00E6DB8C /* CupcakeCorner */ = {
			isa = PBXGroup;
			children = (
				639FC34E2D74D5FD00E6DB8C /* CupcakeCornerApp.swift */,
				639FC3502D74D5FD00E6DB8C /* ContentView.swift */,
				639FC3692D762BA500E6DB8C /* AddressView.swift */,
				639FC36B2D762DFF00E6DB8C /* CheckoutView.swift */,
				639FC3672D7624C200E6DB8C /* Order.swift */,
				639FC35E2D74F9B300E6DB8C /* class notations */,
				639FC3522D74D5FF00E6DB8C /* Assets.xcassets */,
				639FC3542D74D5FF00E6DB8C /* Preview Content */,
			);
			path = CupcakeCorner;
			sourceTree = "<group>";
		};
		639FC3542D74D5FF00E6DB8C /* Preview Content */ = {
			isa = PBXGroup;
			children = (
				639FC3552D74D5FF00E6DB8C /* Preview Assets.xcassets */,
			);
			path = "Preview Content";
			sourceTree = "<group>";
		};
		639FC35E2D74F9B300E6DB8C /* class notations */ = {
			isa = PBXGroup;
			children = (
				639FC35C2D74F71000E6DB8C /* AsyncImageView.swift */,
				639FC35F2D74F9F000E6DB8C /* URLSessionView.swift */,
				639FC3612D74FB0A00E6DB8C /* FormsView.swift */,
				639FC3632D74FF9B00E6DB8C /* CodableObservable.swift */,
			);
			path = "class notations";
			sourceTree = "<group>";
		};
/* End PBXGroup section */

/* Begin PBXNativeTarget section */
		639FC34A2D74D5FD00E6DB8C /* CupcakeCorner */ = {
			isa = PBXNativeTarget;
			buildConfigurationList = 639FC3592D74D5FF00E6DB8C /* Build configuration list for PBXNativeTarget "CupcakeCorner" */;
			buildPhases = (
				639FC3472D74D5FD00E6DB8C /* Sources */,
				639FC3482D74D5FD00E6DB8C /* Frameworks */,
				639FC3492D74D5FD00E6DB8C /* Resources */,
			);
			buildRules = (
			);
			dependencies = (
			);
			name = CupcakeCorner;
			productName = CupcakeCorner;
			productReference = 639FC34B2D74D5FD00E6DB8C /* CupcakeCorner.app */;
			productType = "com.apple.product-type.application";
		};
/* End PBXNativeTarget section */

/* Begin PBXProject section */
		639FC3432D74D5FD00E6DB8C /* Project object */ = {
			isa = PBXProject;
			attributes = {
				BuildIndependentTargetsInParallel = 1;
				LastSwiftUpdateCheck = 1540;
				LastUpgradeCheck = 1540;
				TargetAttributes = {
					639FC34A2D74D5FD00E6DB8C = {
						CreatedOnToolsVersion = 15.4;
					};
				};
			};
			buildConfigurationList = 639FC3462D74D5FD00E6DB8C /* Build configuration list for PBXProject "CupcakeCorner" */;
			compatibilityVersion = "Xcode 14.0";
			developmentRegion = en;
			hasScannedForEncodings = 0;
			knownRegions = (
				en,
				Base,
			);
			mainGroup = 639FC3422D74D5FD00E6DB8C;
			productRefGroup = 639FC34C2D74D5FD00E6DB8C /* Products */;
			projectDirPath = "";
			projectRoot = "";
			targets = (
				639FC34A2D74D5FD00E6DB8C /* CupcakeCorner */,
			);
		};
/* End PBXProject section */

/* Begin PBXResourcesBuildPhase section */
		639FC3492D74D5FD00E6DB8C /* Resources */ = {
			isa = PBXResourcesBuildPhase;
			buildActionMask = 2147483647;
			files = (
				639FC3562D74D5FF00E6DB8C /* Preview Assets.xcassets in Resources */,
				639FC3532D74D5FF00E6DB8C /* Assets.xcassets in Resources */,
			);
			runOnlyForDeploymentPostprocessing = 0;
		};
/* End PBXResourcesBuildPhase section */

/* Begin PBXSourcesBuildPhase section */
		639FC3472D74D5FD00E6DB8C /* Sources */ = {
			isa = PBXSourcesBuildPhase;
			buildActionMask = 2147483647;
			files = (
				639FC3622D74FB0A00E6DB8C /* FormsView.swift in Sources */,
				639FC3512D74D5FD00E6DB8C /* ContentView.swift in Sources */,
				639FC3602D74F9F000E6DB8C /* URLSessionView.swift in Sources */,
				639FC3642D74FF9B00E6DB8C /* CodableObservable.swift in Sources */,
				639FC34F2D74D5FD00E6DB8C /* CupcakeCornerApp.swift in Sources */,
				639FC36A2D762BA500E6DB8C /* AddressView.swift in Sources */,
				639FC35D2D74F71000E6DB8C /* AsyncImageView.swift in Sources */,
				639FC3682D7624C200E6DB8C /* Order.swift in Sources */,
				639FC36C2D762DFF00E6DB8C /* CheckoutView.swift in Sources */,
			);
			runOnlyForDeploymentPostprocessing = 0;
		};
/* End PBXSourcesBuildPhase section */

/* Begin XCBuildConfiguration section */
		639FC3572D74D5FF00E6DB8C /* Debug */ = {
			isa = XCBuildConfiguration;
			buildSettings = {
				ALWAYS_SEARCH_USER_PATHS = NO;
				ASSETCATALOG_COMPILER_GENERATE_SWIFT_ASSET_SYMBOL_EXTENSIONS = YES;
				CLANG_ANALYZER_NONNULL = YES;
				CLANG_ANALYZER_NUMBER_OBJECT_CONVERSION = YES_AGGRESSIVE;
				CLANG_CXX_LANGUAGE_STANDARD = "gnu++20";
				CLANG_ENABLE_MODULES = YES;
				CLANG_ENABLE_OBJC_ARC = YES;
				CLANG_ENABLE_OBJC_WEAK = YES;
				CLANG_WARN_BLOCK_CAPTURE_AUTORELEASING = YES;
				CLANG_WARN_BOOL_CONVERSION = YES;
				CLANG_WARN_COMMA = YES;
				CLANG_WARN_CONSTANT_CONVERSION = YES;
				CLANG_WARN_DEPRECATED_OBJC_IMPLEMENTATIONS = YES;
				CLANG_WARN_DIRECT_OBJC_ISA_USAGE = YES_ERROR;
				CLANG_WARN_DOCUMENTATION_COMMENTS = YES;
				CLANG_WARN_EMPTY_BODY = YES;
				CLANG_WARN_ENUM_CONVERSION = YES;
				CLANG_WARN_INFINITE_RECURSION = YES;
				CLANG_WARN_INT_CONVERSION = YES;
				CLANG_WARN_NON_LITERAL_NULL_CONVERSION = YES;
				CLANG_WARN_OBJC_IMPLICIT_RETAIN_SELF = YES;
				CLANG_WARN_OBJC_LITERAL_CONVERSION = YES;
				CLANG_WARN_OBJC_ROOT_CLASS = YES_ERROR;
				CLANG_WARN_QUOTED_INCLUDE_IN_FRAMEWORK_HEADER = YES;
				CLANG_WARN_RANGE_LOOP_ANALYSIS = YES;
				CLANG_WARN_STRICT_PROTOTYPES = YES;
				CLANG_WARN_SUSPICIOUS_MOVE = YES;
				CLANG_WARN_UNGUARDED_AVAILABILITY = YES_AGGRESSIVE;
				CLANG_WARN_UNREACHABLE_CODE = YES;
				CLANG_WARN__DUPLICATE_METHOD_MATCH = YES;
				COPY_PHASE_STRIP = NO;
				DEBUG_INFORMATION_FORMAT = dwarf;
				ENABLE_STRICT_OBJC_MSGSEND = YES;
				ENABLE_TESTABILITY = YES;
				ENABLE_USER_SCRIPT_SANDBOXING = YES;
				GCC_C_LANGUAGE_STANDARD = gnu17;
				GCC_DYNAMIC_NO_PIC = NO;
				GCC_NO_COMMON_BLOCKS = YES;
				GCC_OPTIMIZATION_LEVEL = 0;
				GCC_PREPROCESSOR_DEFINITIONS = (
					"DEBUG=1",
					"$(inherited)",
				);
				GCC_WARN_64_TO_32_BIT_CONVERSION = YES;
				GCC_WARN_ABOUT_RETURN_TYPE = YES_ERROR;
				GCC_WARN_UNDECLARED_SELECTOR = YES;
				GCC_WARN_UNINITIALIZED_AUTOS = YES_AGGRESSIVE;
				GCC_WARN_UNUSED_FUNCTION = YES;
				GCC_WARN_UNUSED_VARIABLE = YES;
				IPHONEOS_DEPLOYMENT_TARGET = 17.5;
				LOCALIZATION_PREFERS_STRING_CATALOGS = YES;
				MTL_ENABLE_DEBUG_INFO = INCLUDE_SOURCE;
				MTL_FAST_MATH = YES;
				ONLY_ACTIVE_ARCH = YES;
				SDKROOT = iphoneos;
				SWIFT_ACTIVE_COMPILATION_CONDITIONS = "DEBUG $(inherited)";
				SWIFT_OPTIMIZATION_LEVEL = "-Onone";
			};
			name = Debug;
		};
		639FC3582D74D5FF00E6DB8C /* Release */ = {
			isa = XCBuildConfiguration;
			buildSettings = {
				ALWAYS_SEARCH_USER_PATHS = NO;
				ASSETCATALOG_COMPILER_GENERATE_SWIFT_ASSET_SYMBOL_EXTENSIONS = YES;
				CLANG_ANALYZER_NONNULL = YES;
				CLANG_ANALYZER_NUMBER_OBJECT_CONVERSION = YES_AGGRESSIVE;
				CLANG_CXX_LANGUAGE_STANDARD = "gnu++20";
				CLANG_ENABLE_MODULES = YES;
				CLANG_ENABLE_OBJC_ARC = YES;
				CLANG_ENABLE_OBJC_WEAK = YES;
				CLANG_WARN_BLOCK_CAPTURE_AUTORELEASING = YES;
				CLANG_WARN_BOOL_CONVERSION = YES;
				CLANG_WARN_COMMA = YES;
				CLANG_WARN_CONSTANT_CONVERSION = YES;
				CLANG_WARN_DEPRECATED_OBJC_IMPLEMENTATIONS = YES;
				CLANG_WARN_DIRECT_OBJC_ISA_USAGE = YES_ERROR;
				CLANG_WARN_DOCUMENTATION_COMMENTS = YES;
				CLANG_WARN_EMPTY_BODY = YES;
				CLANG_WARN_ENUM_CONVERSION = YES;
				CLANG_WARN_INFINITE_RECURSION = YES;
				CLANG_WARN_INT_CONVERSION = YES;
				CLANG_WARN_NON_LITERAL_NULL_CONVERSION = YES;
				CLANG_WARN_OBJC_IMPLICIT_RETAIN_SELF = YES;
				CLANG_WARN_OBJC_LITERAL_CONVERSION = YES;
				CLANG_WARN_OBJC_ROOT_CLASS = YES_ERROR;
				CLANG_WARN_QUOTED_INCLUDE_IN_FRAMEWORK_HEADER = YES;
				CLANG_WARN_RANGE_LOOP_ANALYSIS = YES;
				CLANG_WARN_STRICT_PROTOTYPES = YES;
				CLANG_WARN_SUSPICIOUS_MOVE = YES;
				CLANG_WARN_UNGUARDED_AVAILABILITY = YES_AGGRESSIVE;
				CLANG_WARN_UNREACHABLE_CODE = YES;
				CLANG_WARN__DUPLICATE_METHOD_MATCH = YES;
				COPY_PHASE_STRIP = NO;
				DEBUG_INFORMATION_FORMAT = "dwarf-with-dsym";
				ENABLE_NS_ASSERTIONS = NO;
				ENABLE_STRICT_OBJC_MSGSEND = YES;
				ENABLE_USER_SCRIPT_SANDBOXING = YES;
				GCC_C_LANGUAGE_STANDARD = gnu17;
				GCC_NO_COMMON_BLOCKS = YES;
				GCC_WARN_64_TO_32_BIT_CONVERSION = YES;
				GCC_WARN_ABOUT_RETURN_TYPE = YES_ERROR;
				GCC_WARN_UNDECLARED_SELECTOR = YES;
				GCC_WARN_UNINITIALIZED_AUTOS = YES_AGGRESSIVE;
				GCC_WARN_UNUSED_FUNCTION = YES;
				GCC_WARN_UNUSED_VARIABLE = YES;
				IPHONEOS_DEPLOYMENT_TARGET = 17.5;
				LOCALIZATION_PREFERS_STRING_CATALOGS = YES;
				MTL_ENABLE_DEBUG_INFO = NO;
				MTL_FAST_MATH = YES;
				SDKROOT = iphoneos;
				SWIFT_COMPILATION_MODE = wholemodule;
				VALIDATE_PRODUCT = YES;
			};
			name = Release;
		};
		639FC35A2D74D5FF00E6DB8C /* Debug */ = {
			isa = XCBuildConfiguration;
			buildSettings = {
				ASSETCATALOG_COMPILER_APPICON_NAME = AppIcon;
				ASSETCATALOG_COMPILER_GLOBAL_ACCENT_COLOR_NAME = AccentColor;
				CODE_SIGN_STYLE = Automatic;
				CURRENT_PROJECT_VERSION = 1;
				DEVELOPMENT_ASSET_PATHS = "\"CupcakeCorner/Preview Content\"";
				ENABLE_PREVIEWS = YES;
				GENERATE_INFOPLIST_FILE = YES;
				INFOPLIST_KEY_UIApplicationSceneManifest_Generation = YES;
				INFOPLIST_KEY_UIApplicationSupportsIndirectInputEvents = YES;
				INFOPLIST_KEY_UILaunchScreen_Generation = YES;
				INFOPLIST_KEY_UISupportedInterfaceOrientations_iPad = "UIInterfaceOrientationPortrait UIInterfaceOrientationPortraitUpsideDown UIInterfaceOrientationLandscapeLeft UIInterfaceOrientationLandscapeRight";
				INFOPLIST_KEY_UISupportedInterfaceOrientations_iPhone = "UIInterfaceOrientationPortrait UIInterfaceOrientationLandscapeLeft UIInterfaceOrientationLandscapeRight";
				LD_RUNPATH_SEARCH_PATHS = (
					"$(inherited)",
					"@executable_path/Frameworks",
				);
				MARKETING_VERSION = 1.0;
				PRODUCT_BUNDLE_IDENTIFIER = com.davidferrs.CupcakeCorner;
				PRODUCT_NAME = "$(TARGET_NAME)";
				SWIFT_EMIT_LOC_STRINGS = YES;
				SWIFT_VERSION = 5.0;
				TARGETED_DEVICE_FAMILY = "1,2";
			};
			name = Debug;
		};
		639FC35B2D74D5FF00E6DB8C /* Release */ = {
			isa = XCBuildConfiguration;
			buildSettings = {
				ASSETCATALOG_COMPILER_APPICON_NAME = AppIcon;
				ASSETCATALOG_COMPILER_GLOBAL_ACCENT_COLOR_NAME = AccentColor;
				CODE_SIGN_STYLE = Automatic;
				CURRENT_PROJECT_VERSION = 1;
				DEVELOPMENT_ASSET_PATHS = "\"CupcakeCorner/Preview Content\"";
				ENABLE_PREVIEWS = YES;
				GENERATE_INFOPLIST_FILE = YES;
				INFOPLIST_KEY_UIApplicationSceneManifest_Generation = YES;
				INFOPLIST_KEY_UIApplicationSupportsIndirectInputEvents = YES;
				INFOPLIST_KEY_UILaunchScreen_Generation = YES;
				INFOPLIST_KEY_UISupportedInterfaceOrientations_iPad = "UIInterfaceOrientationPortrait UIInterfaceOrientationPortraitUpsideDown UIInterfaceOrientationLandscapeLeft UIInterfaceOrientationLandscapeRight";
				INFOPLIST_KEY_UISupportedInterfaceOrientations_iPhone = "UIInterfaceOrientationPortrait UIInterfaceOrientationLandscapeLeft UIInterfaceOrientationLandscapeRight";
				LD_RUNPATH_SEARCH_PATHS = (
					"$(inherited)",
					"@executable_path/Frameworks",
				);
				MARKETING_VERSION = 1.0;
				PRODUCT_BUNDLE_IDENTIFIER = com.davidferrs.CupcakeCorner;
				PRODUCT_NAME = "$(TARGET_NAME)";
				SWIFT_EMIT_LOC_STRINGS = YES;
				SWIFT_VERSION = 5.0;
				TARGETED_DEVICE_FAMILY = "1,2";
			};
			name = Release;
		};
/* End XCBuildConfiguration section */

/* Begin XCConfigurationList section */
		639FC3462D74D5FD00E6DB8C /* Build configuration list for PBXProject "CupcakeCorner" */ = {
			isa = XCConfigurationList;
			buildConfigurations = (
				639FC3572D74D5FF00E6DB8C /* Debug */,
				639FC3582D74D5FF00E6DB8C /* Release */,
			);
			defaultConfigurationIsVisible = 0;
			defaultConfigurationName = Release;
		};
		639FC3592D74D5FF00E6DB8C /* Build configuration list for PBXNativeTarget "CupcakeCorner" */ = {
			isa = XCConfigurationList;
			buildConfigurations = (
				639FC35A2D74D5FF00E6DB8C /* Debug */,
				639FC35B2D74D5FF00E6DB8C /* Release */,
			);
			defaultConfigurationIsVisible = 0;
			defaultConfigurationName = Release;
		};
/* End XCConfigurationList section */
	};
	rootObject = 639FC3432D74D5FD00E6DB8C /* Project object */;
}
